
Microsoft Visual Studio Solution File, Format Version 12.00
# Visual Studio Version 16
VisualStudioVersion = 16.0.30621.155
MinimumVisualStudioVersion = 10.0.40219.1
Project("{FAE04EC0-301F-11D3-BF4B-00C04F79EFBC}") = "WelcomeNote", "WelcomeNote\WelcomeNote.csproj", "{2C082AEE-665A-4A85-AB09-C6EE4DEF236C}"
EndProject
Global
	GlobalSection(SolutionConfigurationPlatforms) = preSolution
		Debug|Any CPU = Debug|Any CPU
		Release|Any CPU = Release|Any CPU
	EndGlobalSection
	GlobalSection(ProjectConfigurationPlatforms) = postSolution
		{2C082AEE-665A-4A85-AB09-C6EE4DEF236C}.Debug|Any CPU.ActiveCfg = Debug|Any CPU
		{2C082AEE-665A-4A85-AB09-C6EE4DEF236C}.Debug|Any CPU.Build.0 = Debug|Any CPU
		{2C082AEE-665A-4A85-AB09-C6EE4DEF236C}.Release|Any CPU.ActiveCfg = Release|Any CPU
		{2C082AEE-665A-4A85-AB09-C6EE4DEF236C}.Release|Any CPU.Build.0 = Release|Any CPU
	EndGlobalSection
	GlobalSection(SolutionProperties) = preSolution
		HideSolutionNode = FALSE
	EndGlobalSection
	GlobalSection(ExtensibilityGlobals) = postSolution
		SolutionGuid = {FE3A13F3-B7D1-4637-A3F5-75F46389FF3A}
	EndGlobalSection
EndGlobal
